lockfileVersion: 5.4

importers:

  packages/api:
    specifiers:
      '@togglefly/core': workspace:*
      '@vercel/ncc': ^0.34.0
      loglevel: ^1.8.0
    dependencies:
      '@togglefly/core': link:../core
      '@vercel/ncc': 0.34.0
      loglevel: 1.8.0

packages:

  /@vercel/ncc/0.34.0:
    resolution: {integrity: sha512-G9h5ZLBJ/V57Ou9vz5hI8pda/YQX5HQszCs3AmIus3XzsmRn/0Ptic5otD3xVST8QLKk7AMk7AqpsyQGN7MZ9A==}
    hasBin: true
    dev: false

  /loglevel/1.8.0:
    resolution: {integrity: sha512-G6A/nJLRgWOuuwdNuA6koovfEV1YpqqAG4pRUlFaz3jj2QNZ8M4vBqnVA+HBTmU/AMNUtlOsMmSpF6NyOjztbA==}
    engines: {node: '>= 0.6.0'}
    dev: false
